
Microsoft Visual Studio Solution File, Format Version 12.00
# Visual Studio 2013
VisualStudioVersion = 12.0.31101.0
MinimumVisualStudioVersion = 10.0.40219.1
Project("{2150E333-8FDC-42A3-9474-1A3956D46DE8}") = "Web", "Web", "{1F803811-606A-4193-AC69-0BF803FC0BBE}"
EndProject
Project("{2150E333-8FDC-42A3-9474-1A3956D46DE8}") = "5_Model", "5_Model", "{4AC3D5AB-D255-41FD-BC1C-AEE5843644F3}"
EndProject
Project("{2150E333-8FDC-42A3-9474-1A3956D46DE8}") = "4_Service", "4_Service", "{6EE319D9-5CFF-4BDA-BAD2-F2210B824566}"
EndProject
Project("{2150E333-8FDC-42A3-9474-1A3956D46DE8}") = "3_Repository", "3_Repository", "{A6379828-07C1-4927-AA18-942142288F90}"
EndProject
Project("{2150E333-8FDC-42A3-9474-1A3956D46DE8}") = "Model", "Model", "{7DBAA81D-460F-4815-BE2C-2DD8A08414DF}"
EndProject
Project("{2150E333-8FDC-42A3-9474-1A3956D46DE8}") = "ViewModel", "ViewModel", "{E6B4DB1A-E762-4B6B-950D-6F3123E5BF9D}"
EndProject
Project("{2150E333-8FDC-42A3-9474-1A3956D46DE8}") = "Manager", "Manager", "{AD8C146B-FF42-4CBC-8EF9-DFDF89C7C23F}"
EndProject
Project("{2150E333-8FDC-42A3-9474-1A3956D46DE8}") = "@_Component", "@_Component", "{FE0ED046-FD13-48B7-8C23-ACE474CC65FF}"
	ProjectSection(SolutionItems) = preProject
		Component\JPlay\jPlayer-2.9.2.zip = Component\JPlay\jPlayer-2.9.2.zip
		Component\LuceneNetDemo.7z = Component\LuceneNetDemo.7z
	EndProjectSection
EndProject
Project("{2150E333-8FDC-42A3-9474-1A3956D46DE8}") = "1_Core", "1_Core", "{A56F0483-2320-46E1-91F5-F3C837EEB481}"
EndProject
Project("{2150E333-8FDC-42A3-9474-1A3956D46DE8}") = "2_Framework", "2_Framework", "{F39A1E6D-BE52-407F-AFC3-E20F57A41A34}"
EndProject
Project("{2150E333-8FDC-42A3-9474-1A3956D46DE8}") = "{Test}", "{Test}", "{D8049A57-5CF3-4209-A080-12328D0D1C44}"
EndProject
Project("{2150E333-8FDC-42A3-9474-1A3956D46DE8}") = "@HTML", "@HTML", "{C59BCCCB-199A-4827-BBB9-644307B7D179}"
	ProjectSection(SolutionItems) = preProject
		HTML\HTML.rar = HTML\HTML.rar
	EndProjectSection
EndProject
Project("{2150E333-8FDC-42A3-9474-1A3956D46DE8}") = "{Tool}", "{Tool}", "{F0DC198A-4221-41E6-8E80-EA655ED223A8}"
EndProject
Project("{FAE04EC0-301F-11D3-BF4B-00C04F79EFBC}") = "DKD.Core.Cache", "1_Core\DKD.Core.Cache\DKD.Core.Cache.csproj", "{FB36A890-786B-490E-AEAB-060C12F1160B}"
EndProject
Project("{FAE04EC0-301F-11D3-BF4B-00C04F79EFBC}") = "DKD.Core.Config", "1_Core\DKD.Core.Config\DKD.Core.Config.csproj", "{C62CA3B8-B775-4EF3-A09E-764773A19F87}"
EndProject
Project("{FAE04EC0-301F-11D3-BF4B-00C04F79EFBC}") = "DKD.Core.Logger", "1_Core\DKD.Core.Logger\DKD.Core.Logger.csproj", "{CF0EBB91-24B4-479C-AF96-51043EF857CD}"
EndProject
Project("{FAE04EC0-301F-11D3-BF4B-00C04F79EFBC}") = "DKD.Core.Lucene", "1_Core\DKD.Core.Lucene\DKD.Core.Lucene.csproj", "{F67F7DCD-7761-44A8-8573-24CAFE17F6BC}"
EndProject
Project("{FAE04EC0-301F-11D3-BF4B-00C04F79EFBC}") = "DKD.Core.Upload", "1_Core\DKD.Core.Upload\DKD.Core.Upload.csproj", "{9FF3EFD8-C8DB-4476-8E34-EA2D788CE5F8}"
EndProject
Project("{FAE04EC0-301F-11D3-BF4B-00C04F79EFBC}") = "DKD.Framework", "2_Framework\DKD.Framework\DKD.Framework.csproj", "{45B1E818-A225-4DE6-A611-60D694FA5FD4}"
EndProject
Project("{FAE04EC0-301F-11D3-BF4B-00C04F79EFBC}") = "DKD.Framework.Contract", "2_Framework\DKD.Framework.Contract\DKD.Framework.Contract.csproj", "{0745099A-865A-4957-B42A-9DB0767C6BD7}"
EndProject
Project("{FAE04EC0-301F-11D3-BF4B-00C04F79EFBC}") = "DKD.Framework.Data", "2_Framework\DKD.Framework.DAL\DKD.Framework.Data.csproj", "{7D7296E2-8E39-451A-92C0-448ABB73166C}"
EndProject
Project("{FAE04EC0-301F-11D3-BF4B-00C04F79EFBC}") = "Bored.IRepository", "3_Repository\Bored_IRepository\Bored.IRepository.csproj", "{EEF4E858-C050-4D35-86F1-0B55D5F6EA2C}"
EndProject
Project("{FAE04EC0-301F-11D3-BF4B-00C04F79EFBC}") = "Bored.Repository", "3_Repository\Bored_Repository\Bored.Repository.csproj", "{20EC89FC-4252-42A0-935B-8A893C9E72F4}"
EndProject
Project("{FAE04EC0-301F-11D3-BF4B-00C04F79EFBC}") = "Bored.Model", "5_Model\Bored.Model\Bored.Model.csproj", "{7A713EE4-E816-4D47-A2E3-91732B2E6C8D}"
EndProject
Project("{FAE04EC0-301F-11D3-BF4B-00C04F79EFBC}") = "Manage.ViewModel", "5_Model\Manage.ViewModel\Manage.ViewModel.csproj", "{223C0116-73F4-4B7A-A0B6-481CA8D4EADF}"
EndProject
Project("{FAE04EC0-301F-11D3-BF4B-00C04F79EFBC}") = "Test", "{Test}\Test\Test.csproj", "{A5E90CBA-B022-47CB-B489-F18E9E3D9889}"
EndProject
Project("{FAE04EC0-301F-11D3-BF4B-00C04F79EFBC}") = "UnitTest", "{Test}\UnitTest\UnitTest.csproj", "{102C139D-71C7-4040-AF11-7B6832A67601}"
EndProject
Project("{FAE04EC0-301F-11D3-BF4B-00C04F79EFBC}") = "Bored.IService", "4_Service\Bored_IService\Bored.IService.csproj", "{BB876F72-5D96-48DF-B470-AF31C17BACDD}"
EndProject
Project("{FAE04EC0-301F-11D3-BF4B-00C04F79EFBC}") = "Bored.Service", "4_Service\Bored_Service\Bored.Service.csproj", "{B43EAC94-0C08-4A91-A508-FC02C71DC0F6}"
EndProject
Project("{FAE04EC0-301F-11D3-BF4B-00C04F79EFBC}") = "Bored.Manager", "Web\Bored.Manager\Bored.Manager.csproj", "{41F8321A-56A3-4064-8D4F-5C796BBB587D}"
EndProject
Project("{FAE04EC0-301F-11D3-BF4B-00C04F79EFBC}") = "Bored.Manager.Controllers", "Web\Bored.Manager.Controller\Bored.Manager.Controllers.csproj", "{B385A475-1CBA-465A-9026-9F0A6CDD2C13}"
EndProject
Project("{FAE04EC0-301F-11D3-BF4B-00C04F79EFBC}") = "Bored.Manager.Filter", "Web\Bored.Manager.Filter\Bored.Manager.Filter.csproj", "{D37453F1-477E-4DB2-AA56-E38BBC57A6C3}"
EndProject
Project("{FAE04EC0-301F-11D3-BF4B-00C04F79EFBC}") = "WebAndLoadTest", "{Test}\WebAndLoadTest\WebAndLoadTest.csproj", "{374594AF-F1C1-43CD-A54E-E80766694101}"
EndProject
Project("{2150E333-8FDC-42A3-9474-1A3956D46DE8}") = "Solution Items", "Solution Items", "{EDB73FFE-D799-4843-922D-D7C5EF24DF22}"
	ProjectSection(SolutionItems) = preProject
		Local.testsettings = Local.testsettings
	EndProjectSection
EndProject
Project("{FAE04EC0-301F-11D3-BF4B-00C04F79EFBC}") = "DKD.Framework.Utility", "2_Framework\DKD.Framework.Utility\DKD.Framework.Utility.csproj", "{61A1117F-DB90-411D-A03F-4978BCDE0990}"
EndProject
Global
	GlobalSection(SolutionConfigurationPlatforms) = preSolution
		Debug|Any CPU = Debug|Any CPU
		Release|Any CPU = Release|Any CPU
	EndGlobalSection
	GlobalSection(ProjectConfigurationPlatforms) = postSolution
		{FB36A890-786B-490E-AEAB-060C12F1160B}.Debug|Any CPU.ActiveCfg = Debug|Any CPU
		{FB36A890-786B-490E-AEAB-060C12F1160B}.Debug|Any CPU.Build.0 = Debug|Any CPU
		{FB36A890-786B-490E-AEAB-060C12F1160B}.Release|Any CPU.ActiveCfg = Release|Any CPU
		{FB36A890-786B-490E-AEAB-060C12F1160B}.Release|Any CPU.Build.0 = Release|Any CPU
		{C62CA3B8-B775-4EF3-A09E-764773A19F87}.Debug|Any CPU.ActiveCfg = Debug|Any CPU
		{C62CA3B8-B775-4EF3-A09E-764773A19F87}.Debug|Any CPU.Build.0 = Debug|Any CPU
		{C62CA3B8-B775-4EF3-A09E-764773A19F87}.Release|Any CPU.ActiveCfg = Release|Any CPU
		{C62CA3B8-B775-4EF3-A09E-764773A19F87}.Release|Any CPU.Build.0 = Release|Any CPU
		{CF0EBB91-24B4-479C-AF96-51043EF857CD}.Debug|Any CPU.ActiveCfg = Debug|Any CPU
		{CF0EBB91-24B4-479C-AF96-51043EF857CD}.Debug|Any CPU.Build.0 = Debug|Any CPU
		{CF0EBB91-24B4-479C-AF96-51043EF857CD}.Release|Any CPU.ActiveCfg = Release|Any CPU
		{CF0EBB91-24B4-479C-AF96-51043EF857CD}.Release|Any CPU.Build.0 = Release|Any CPU
		{F67F7DCD-7761-44A8-8573-24CAFE17F6BC}.Debug|Any CPU.ActiveCfg = Debug|Any CPU
		{F67F7DCD-7761-44A8-8573-24CAFE17F6BC}.Debug|Any CPU.Build.0 = Debug|Any CPU
		{F67F7DCD-7761-44A8-8573-24CAFE17F6BC}.Release|Any CPU.ActiveCfg = Release|Any CPU
		{F67F7DCD-7761-44A8-8573-24CAFE17F6BC}.Release|Any CPU.Build.0 = Release|Any CPU
		{9FF3EFD8-C8DB-4476-8E34-EA2D788CE5F8}.Debug|Any CPU.ActiveCfg = Debug|Any CPU
		{9FF3EFD8-C8DB-4476-8E34-EA2D788CE5F8}.Debug|Any CPU.Build.0 = Debug|Any CPU
		{9FF3EFD8-C8DB-4476-8E34-EA2D788CE5F8}.Release|Any CPU.ActiveCfg = Release|Any CPU
		{9FF3EFD8-C8DB-4476-8E34-EA2D788CE5F8}.Release|Any CPU.Build.0 = Release|Any CPU
		{45B1E818-A225-4DE6-A611-60D694FA5FD4}.Debug|Any CPU.ActiveCfg = Debug|Any CPU
		{45B1E818-A225-4DE6-A611-60D694FA5FD4}.Debug|Any CPU.Build.0 = Debug|Any CPU
		{45B1E818-A225-4DE6-A611-60D694FA5FD4}.Release|Any CPU.ActiveCfg = Release|Any CPU
		{45B1E818-A225-4DE6-A611-60D694FA5FD4}.Release|Any CPU.Build.0 = Release|Any CPU
		{0745099A-865A-4957-B42A-9DB0767C6BD7}.Debug|Any CPU.ActiveCfg = Debug|Any CPU
		{0745099A-865A-4957-B42A-9DB0767C6BD7}.Debug|Any CPU.Build.0 = Debug|Any CPU
		{0745099A-865A-4957-B42A-9DB0767C6BD7}.Release|Any CPU.ActiveCfg = Release|Any CPU
		{0745099A-865A-4957-B42A-9DB0767C6BD7}.Release|Any CPU.Build.0 = Release|Any CPU
		{7D7296E2-8E39-451A-92C0-448ABB73166C}.Debug|Any CPU.ActiveCfg = Debug|Any CPU
		{7D7296E2-8E39-451A-92C0-448ABB73166C}.Debug|Any CPU.Build.0 = Debug|Any CPU
		{7D7296E2-8E39-451A-92C0-448ABB73166C}.Release|Any CPU.ActiveCfg = Release|Any CPU
		{7D7296E2-8E39-451A-92C0-448ABB73166C}.Release|Any CPU.Build.0 = Release|Any CPU
		{EEF4E858-C050-4D35-86F1-0B55D5F6EA2C}.Debug|Any CPU.ActiveCfg = Debug|Any CPU
		{EEF4E858-C050-4D35-86F1-0B55D5F6EA2C}.Debug|Any CPU.Build.0 = Debug|Any CPU
		{EEF4E858-C050-4D35-86F1-0B55D5F6EA2C}.Release|Any CPU.ActiveCfg = Release|Any CPU
		{EEF4E858-C050-4D35-86F1-0B55D5F6EA2C}.Release|Any CPU.Build.0 = Release|Any CPU
		{20EC89FC-4252-42A0-935B-8A893C9E72F4}.Debug|Any CPU.ActiveCfg = Debug|Any CPU
		{20EC89FC-4252-42A0-935B-8A893C9E72F4}.Debug|Any CPU.Build.0 = Debug|Any CPU
		{20EC89FC-4252-42A0-935B-8A893C9E72F4}.Release|Any CPU.ActiveCfg = Release|Any CPU
		{20EC89FC-4252-42A0-935B-8A893C9E72F4}.Release|Any CPU.Build.0 = Release|Any CPU
		{7A713EE4-E816-4D47-A2E3-91732B2E6C8D}.Debug|Any CPU.ActiveCfg = Debug|Any CPU
		{7A713EE4-E816-4D47-A2E3-91732B2E6C8D}.Debug|Any CPU.Build.0 = Debug|Any CPU
		{7A713EE4-E816-4D47-A2E3-91732B2E6C8D}.Release|Any CPU.ActiveCfg = Release|Any CPU
		{7A713EE4-E816-4D47-A2E3-91732B2E6C8D}.Release|Any CPU.Build.0 = Release|Any CPU
		{223C0116-73F4-4B7A-A0B6-481CA8D4EADF}.Debug|Any CPU.ActiveCfg = Debug|Any CPU
		{223C0116-73F4-4B7A-A0B6-481CA8D4EADF}.Debug|Any CPU.Build.0 = Debug|Any CPU
		{223C0116-73F4-4B7A-A0B6-481CA8D4EADF}.Release|Any CPU.ActiveCfg = Release|Any CPU
		{223C0116-73F4-4B7A-A0B6-481CA8D4EADF}.Release|Any CPU.Build.0 = Release|Any CPU
		{A5E90CBA-B022-47CB-B489-F18E9E3D9889}.Debug|Any CPU.ActiveCfg = Debug|Any CPU
		{A5E90CBA-B022-47CB-B489-F18E9E3D9889}.Debug|Any CPU.Build.0 = Debug|Any CPU
		{A5E90CBA-B022-47CB-B489-F18E9E3D9889}.Release|Any CPU.ActiveCfg = Release|Any CPU
		{A5E90CBA-B022-47CB-B489-F18E9E3D9889}.Release|Any CPU.Build.0 = Release|Any CPU
		{102C139D-71C7-4040-AF11-7B6832A67601}.Debug|Any CPU.ActiveCfg = Debug|Any CPU
		{102C139D-71C7-4040-AF11-7B6832A67601}.Debug|Any CPU.Build.0 = Debug|Any CPU
		{102C139D-71C7-4040-AF11-7B6832A67601}.Release|Any CPU.ActiveCfg = Release|Any CPU
		{102C139D-71C7-4040-AF11-7B6832A67601}.Release|Any CPU.Build.0 = Release|Any CPU
		{BB876F72-5D96-48DF-B470-AF31C17BACDD}.Debug|Any CPU.ActiveCfg = Debug|Any CPU
		{BB876F72-5D96-48DF-B470-AF31C17BACDD}.Debug|Any CPU.Build.0 = Debug|Any CPU
		{BB876F72-5D96-48DF-B470-AF31C17BACDD}.Release|Any CPU.ActiveCfg = Release|Any CPU
		{BB876F72-5D96-48DF-B470-AF31C17BACDD}.Release|Any CPU.Build.0 = Release|Any CPU
		{B43EAC94-0C08-4A91-A508-FC02C71DC0F6}.Debug|Any CPU.ActiveCfg = Debug|Any CPU
		{B43EAC94-0C08-4A91-A508-FC02C71DC0F6}.Debug|Any CPU.Build.0 = Debug|Any CPU
		{B43EAC94-0C08-4A91-A508-FC02C71DC0F6}.Release|Any CPU.ActiveCfg = Release|Any CPU
		{B43EAC94-0C08-4A91-A508-FC02C71DC0F6}.Release|Any CPU.Build.0 = Release|Any CPU
		{41F8321A-56A3-4064-8D4F-5C796BBB587D}.Debug|Any CPU.ActiveCfg = Debug|Any CPU
		{41F8321A-56A3-4064-8D4F-5C796BBB587D}.Debug|Any CPU.Build.0 = Debug|Any CPU
		{41F8321A-56A3-4064-8D4F-5C796BBB587D}.Release|Any CPU.ActiveCfg = Release|Any CPU
		{41F8321A-56A3-4064-8D4F-5C796BBB587D}.Release|Any CPU.Build.0 = Release|Any CPU
		{B385A475-1CBA-465A-9026-9F0A6CDD2C13}.Debug|Any CPU.ActiveCfg = Debug|Any CPU
		{B385A475-1CBA-465A-9026-9F0A6CDD2C13}.Debug|Any CPU.Build.0 = Debug|Any CPU
		{B385A475-1CBA-465A-9026-9F0A6CDD2C13}.Release|Any CPU.ActiveCfg = Release|Any CPU
		{B385A475-1CBA-465A-9026-9F0A6CDD2C13}.Release|Any CPU.Build.0 = Release|Any CPU
		{D37453F1-477E-4DB2-AA56-E38BBC57A6C3}.Debug|Any CPU.ActiveCfg = Debug|Any CPU
		{D37453F1-477E-4DB2-AA56-E38BBC57A6C3}.Debug|Any CPU.Build.0 = Debug|Any CPU
		{D37453F1-477E-4DB2-AA56-E38BBC57A6C3}.Release|Any CPU.ActiveCfg = Release|Any CPU
		{D37453F1-477E-4DB2-AA56-E38BBC57A6C3}.Release|Any CPU.Build.0 = Release|Any CPU
		{374594AF-F1C1-43CD-A54E-E80766694101}.Debug|Any CPU.ActiveCfg = Debug|Any CPU
		{374594AF-F1C1-43CD-A54E-E80766694101}.Debug|Any CPU.Build.0 = Debug|Any CPU
		{374594AF-F1C1-43CD-A54E-E80766694101}.Release|Any CPU.ActiveCfg = Release|Any CPU
		{374594AF-F1C1-43CD-A54E-E80766694101}.Release|Any CPU.Build.0 = Release|Any CPU
		{61A1117F-DB90-411D-A03F-4978BCDE0990}.Debug|Any CPU.ActiveCfg = Debug|Any CPU
		{61A1117F-DB90-411D-A03F-4978BCDE0990}.Debug|Any CPU.Build.0 = Debug|Any CPU
		{61A1117F-DB90-411D-A03F-4978BCDE0990}.Release|Any CPU.ActiveCfg = Release|Any CPU
		{61A1117F-DB90-411D-A03F-4978BCDE0990}.Release|Any CPU.Build.0 = Release|Any CPU
	EndGlobalSection
	GlobalSection(SolutionProperties) = preSolution
		HideSolutionNode = FALSE
	EndGlobalSection
	GlobalSection(NestedProjects) = preSolution
		{7DBAA81D-460F-4815-BE2C-2DD8A08414DF} = {4AC3D5AB-D255-41FD-BC1C-AEE5843644F3}
		{E6B4DB1A-E762-4B6B-950D-6F3123E5BF9D} = {4AC3D5AB-D255-41FD-BC1C-AEE5843644F3}
		{AD8C146B-FF42-4CBC-8EF9-DFDF89C7C23F} = {1F803811-606A-4193-AC69-0BF803FC0BBE}
		{FE0ED046-FD13-48B7-8C23-ACE474CC65FF} = {F0DC198A-4221-41E6-8E80-EA655ED223A8}
		{C59BCCCB-199A-4827-BBB9-644307B7D179} = {F0DC198A-4221-41E6-8E80-EA655ED223A8}
		{FB36A890-786B-490E-AEAB-060C12F1160B} = {A56F0483-2320-46E1-91F5-F3C837EEB481}
		{C62CA3B8-B775-4EF3-A09E-764773A19F87} = {A56F0483-2320-46E1-91F5-F3C837EEB481}
		{CF0EBB91-24B4-479C-AF96-51043EF857CD} = {A56F0483-2320-46E1-91F5-F3C837EEB481}
		{F67F7DCD-7761-44A8-8573-24CAFE17F6BC} = {A56F0483-2320-46E1-91F5-F3C837EEB481}
		{9FF3EFD8-C8DB-4476-8E34-EA2D788CE5F8} = {A56F0483-2320-46E1-91F5-F3C837EEB481}
		{45B1E818-A225-4DE6-A611-60D694FA5FD4} = {F39A1E6D-BE52-407F-AFC3-E20F57A41A34}
		{0745099A-865A-4957-B42A-9DB0767C6BD7} = {F39A1E6D-BE52-407F-AFC3-E20F57A41A34}
		{7D7296E2-8E39-451A-92C0-448ABB73166C} = {F39A1E6D-BE52-407F-AFC3-E20F57A41A34}
		{EEF4E858-C050-4D35-86F1-0B55D5F6EA2C} = {A6379828-07C1-4927-AA18-942142288F90}
		{20EC89FC-4252-42A0-935B-8A893C9E72F4} = {A6379828-07C1-4927-AA18-942142288F90}
		{7A713EE4-E816-4D47-A2E3-91732B2E6C8D} = {7DBAA81D-460F-4815-BE2C-2DD8A08414DF}
		{223C0116-73F4-4B7A-A0B6-481CA8D4EADF} = {E6B4DB1A-E762-4B6B-950D-6F3123E5BF9D}
		{A5E90CBA-B022-47CB-B489-F18E9E3D9889} = {D8049A57-5CF3-4209-A080-12328D0D1C44}
		{102C139D-71C7-4040-AF11-7B6832A67601} = {D8049A57-5CF3-4209-A080-12328D0D1C44}
		{BB876F72-5D96-48DF-B470-AF31C17BACDD} = {6EE319D9-5CFF-4BDA-BAD2-F2210B824566}
		{B43EAC94-0C08-4A91-A508-FC02C71DC0F6} = {6EE319D9-5CFF-4BDA-BAD2-F2210B824566}
		{41F8321A-56A3-4064-8D4F-5C796BBB587D} = {AD8C146B-FF42-4CBC-8EF9-DFDF89C7C23F}
		{B385A475-1CBA-465A-9026-9F0A6CDD2C13} = {AD8C146B-FF42-4CBC-8EF9-DFDF89C7C23F}
		{D37453F1-477E-4DB2-AA56-E38BBC57A6C3} = {AD8C146B-FF42-4CBC-8EF9-DFDF89C7C23F}
		{374594AF-F1C1-43CD-A54E-E80766694101} = {D8049A57-5CF3-4209-A080-12328D0D1C44}
		{EDB73FFE-D799-4843-922D-D7C5EF24DF22} = {D8049A57-5CF3-4209-A080-12328D0D1C44}
		{61A1117F-DB90-411D-A03F-4978BCDE0990} = {F39A1E6D-BE52-407F-AFC3-E20F57A41A34}
	EndGlobalSection
EndGlobal
